
Microsoft Visual Studio Solution File, Format Version 12.00
# Visual Studio Version 16
VisualStudioVersion = 16.0.29230.47
MinimumVisualStudioVersion = 10.0.40219.1
Project("{FAE04EC0-301F-11D3-BF4B-00C04F79EFBC}") = "FractalApp", "FractalApp\FractalApp.csproj", "{A688BD8E-C780-4E26-AF61-25D3A9AD7FB8}"
EndProject
Global
	GlobalSection(SolutionConfigurationPlatforms) = preSolution
		Debug|Any CPU = Debug|Any CPU
		Release|Any CPU = Release|Any CPU
	EndGlobalSection
	GlobalSection(ProjectConfigurationPlatforms) = postSolution
		{A688BD8E-C780-4E26-AF61-25D3A9AD7FB8}.Debug|Any CPU.ActiveCfg = Debug|Any CPU
		{A688BD8E-C780-4E26-AF61-25D3A9AD7FB8}.Debug|Any CPU.Build.0 = Debug|Any CPU
		{A688BD8E-C780-4E26-AF61-25D3A9AD7FB8}.Release|Any CPU.ActiveCfg = Release|Any CPU
		{A688BD8E-C780-4E26-AF61-25D3A9AD7FB8}.Release|Any CPU.Build.0 = Release|Any CPU
	EndGlobalSection
	GlobalSection(SolutionProperties) = preSolution
		HideSolutionNode = FALSE
	EndGlobalSection
	GlobalSection(ExtensibilityGlobals) = postSolution
		SolutionGuid = {5021E9B8-C4C9-4915-8C2A-572DADD4B110}
	EndGlobalSection
EndGlobal
